
Microsoft Visual Studio Solution File, Format Version 12.00
Project("{FAE04EC0-301F-11D3-BF4B-00C04F79EFBC}") = "ChessLogic", "ChessLogic\ChessLogic.csproj", "{63C92916-79D7-4421-918C-FC76BB753064}"
EndProject
Global
	GlobalSection(SolutionConfigurationPlatforms) = preSolution
		Debug|Any CPU = Debug|Any CPU
		Release|Any CPU = Release|Any CPU
	EndGlobalSection
	GlobalSection(ProjectConfigurationPlatforms) = postSolution
		{63C92916-79D7-4421-918C-FC76BB753064}.Debug|Any CPU.ActiveCfg = Debug|Any CPU
		{63C92916-79D7-4421-918C-FC76BB753064}.Debug|Any CPU.Build.0 = Debug|Any CPU
		{63C92916-79D7-4421-918C-FC76BB753064}.Release|Any CPU.ActiveCfg = Release|Any CPU
		{63C92916-79D7-4421-918C-FC76BB753064}.Release|Any CPU.Build.0 = Release|Any CPU
	EndGlobalSection
EndGlobal
